// !$*UTF8*$!
{
	archiveVersion = 1;
	classes = {
	};
	objectVersion = 55;
	objects = {

/* Begin PBXBuildFile section */
		A01BE62328AF79C5000567C4 /* RocketLaunchTCAApp.swift in Sources */ = {isa = PBXBuildFile; fileRef = A01BE62228AF79C5000567C4 /* RocketLaunchTCAApp.swift */; };
		A01BE62728AF79C7000567C4 /* Assets.xcassets in Resources */ = {isa = PBXBuildFile; fileRef = A01BE62628AF79C7000567C4 /* Assets.xcassets */; };
		A01BE62A28AF79C7000567C4 /* Preview Assets.xcassets in Resources */ = {isa = PBXBuildFile; fileRef = A01BE62928AF79C7000567C4 /* Preview Assets.xcassets */; };
		A01BE63428AF79C7000567C4 /* RocketLaunchTCATests.swift in Sources */ = {isa = PBXBuildFile; fileRef = A01BE63328AF79C7000567C4 /* RocketLaunchTCATests.swift */; };
		A01BE63E28AF79C7000567C4 /* RocketLaunchTCAUITests.swift in Sources */ = {isa = PBXBuildFile; fileRef = A01BE63D28AF79C7000567C4 /* RocketLaunchTCAUITests.swift */; };
		A01BE64028AF79C7000567C4 /* RocketLaunchTCAUITestsLaunchTests.swift in Sources */ = {isa = PBXBuildFile; fileRef = A01BE63F28AF79C7000567C4 /* RocketLaunchTCAUITestsLaunchTests.swift */; };
		A01BE64E28AF7A77000567C4 /* ComposableArchitecture in Frameworks */ = {isa = PBXBuildFile; productRef = A01BE64D28AF7A77000567C4 /* ComposableArchitecture */; };
		A01BE65128AF7D01000567C4 /* RocketListView.swift in Sources */ = {isa = PBXBuildFile; fileRef = A01BE65028AF7D01000567C4 /* RocketListView.swift */; };
		A01BE65328AF7D2D000567C4 /* RocketListFeature.swift in Sources */ = {isa = PBXBuildFile; fileRef = A01BE65228AF7D2D000567C4 /* RocketListFeature.swift */; };
/* End PBXBuildFile section */

/* Begin PBXContainerItemProxy section */
		A01BE63028AF79C7000567C4 /* PBXContainerItemProxy */ = {
			isa = PBXContainerItemProxy;
			containerPortal = A01BE61728AF79C5000567C4 /* Project object */;
			proxyType = 1;
			remoteGlobalIDString = A01BE61E28AF79C5000567C4;
			remoteInfo = RocketLaunchTCA;
		};
		A01BE63A28AF79C7000567C4 /* PBXContainerItemProxy */ = {
			isa = PBXContainerItemProxy;
			containerPortal = A01BE61728AF79C5000567C4 /* Project object */;
			proxyType = 1;
			remoteGlobalIDString = A01BE61E28AF79C5000567C4;
			remoteInfo = RocketLaunchTCA;
		};
/* End PBXContainerItemProxy section */

/* Begin PBXFileReference section */
		A01BE61F28AF79C5000567C4 /* RocketLaunchTCA.app */ = {isa = PBXFileReference; explicitFileType = wrapper.application; includeInIndex = 0; path = RocketLaunchTCA.app; sourceTree = BUILT_PRODUCTS_DIR; };
		A01BE62228AF79C5000567C4 /* RocketLaunchTCAApp.swift */ = {isa = PBXFileReference; lastKnownFileType = sourcecode.swift; path = RocketLaunchTCAApp.swift; sourceTree = "<group>"; };
		A01BE62628AF79C7000567C4 /* Assets.xcassets */ = {isa = PBXFileReference; lastKnownFileType = folder.assetcatalog; path = Assets.xcassets; sourceTree = "<group>"; };
		A01BE62928AF79C7000567C4 /* Preview Assets.xcassets */ = {isa = PBXFileReference; lastKnownFileType = folder.assetcatalog; path = "Preview Assets.xcassets"; sourceTree = "<group>"; };
		A01BE62F28AF79C7000567C4 /* RocketLaunchTCATests.xctest */ = {isa = PBXFileReference; explicitFileType = wrapper.cfbundle; includeInIndex = 0; path = RocketLaunchTCATests.xctest; sourceTree = BUILT_PRODUCTS_DIR; };
		A01BE63328AF79C7000567C4 /* RocketLaunchTCATests.swift */ = {isa = PBXFileReference; lastKnownFileType = sourcecode.swift; path = RocketLaunchTCATests.swift; sourceTree = "<group>"; };
		A01BE63928AF79C7000567C4 /* RocketLaunchTCAUITests.xctest */ = {isa = PBXFileReference; explicitFileType = wrapper.cfbundle; includeInIndex = 0; path = RocketLaunchTCAUITests.xctest; sourceTree = BUILT_PRODUCTS_DIR; };
		A01BE63D28AF79C7000567C4 /* RocketLaunchTCAUITests.swift */ = {isa = PBXFileReference; lastKnownFileType = sourcecode.swift; path = RocketLaunchTCAUITests.swift; sourceTree = "<group>"; };
		A01BE63F28AF79C7000567C4 /* RocketLaunchTCAUITestsLaunchTests.swift */ = {isa = PBXFileReference; lastKnownFileType = sourcecode.swift; path = RocketLaunchTCAUITestsLaunchTests.swift; sourceTree = "<group>"; };
		A01BE65028AF7D01000567C4 /* RocketListView.swift */ = {isa = PBXFileReference; lastKnownFileType = sourcecode.swift; path = RocketListView.swift; sourceTree = "<group>"; };
		A01BE65228AF7D2D000567C4 /* RocketListFeature.swift */ = {isa = PBXFileReference; lastKnownFileType = sourcecode.swift; path = RocketListFeature.swift; sourceTree = "<group>"; };
/* End PBXFileReference section */

/* Begin PBXFrameworksBuildPhase section */
		A01BE61C28AF79C5000567C4 /* Frameworks */ = {
			isa = PBXFrameworksBuildPhase;
			buildActionMask = 2147483647;
			files = (
				A01BE64E28AF7A77000567C4 /* ComposableArchitecture in Frameworks */,
			);
			runOnlyForDeploymentPostprocessing = 0;
		};
		A01BE62C28AF79C7000567C4 /* Frameworks */ = {
			isa = PBXFrameworksBuildPhase;
			buildActionMask = 2147483647;
			files = (
			);
			runOnlyForDeploymentPostprocessing = 0;
		};
		A01BE63628AF79C7000567C4 /* Frameworks */ = {
			isa = PBXFrameworksBuildPhase;
			buildActionMask = 2147483647;
			files = (
			);
			runOnlyForDeploymentPostprocessing = 0;
		};
/* End PBXFrameworksBuildPhase section */

/* Begin PBXGroup section */
		A01BE61628AF79C5000567C4 = {
			isa = PBXGroup;
			children = (
				A01BE62128AF79C5000567C4 /* RocketLaunchTCA */,
				A01BE63228AF79C7000567C4 /* RocketLaunchTCATests */,
				A01BE63C28AF79C7000567C4 /* RocketLaunchTCAUITests */,
				A01BE62028AF79C5000567C4 /* Products */,
			);
			sourceTree = "<group>";
		};
		A01BE62028AF79C5000567C4 /* Products */ = {
			isa = PBXGroup;
			children = (
				A01BE61F28AF79C5000567C4 /* RocketLaunchTCA.app */,
				A01BE62F28AF79C7000567C4 /* RocketLaunchTCATests.xctest */,
				A01BE63928AF79C7000567C4 /* RocketLaunchTCAUITests.xctest */,
			);
			name = Products;
			sourceTree = "<group>";
		};
		A01BE62128AF79C5000567C4 /* RocketLaunchTCA */ = {
			isa = PBXGroup;
			children = (
				A01BE62228AF79C5000567C4 /* RocketLaunchTCAApp.swift */,
				A01BE64F28AF7AD6000567C4 /* RocketList */,
				A01BE62628AF79C7000567C4 /* Assets.xcassets */,
				A01BE62828AF79C7000567C4 /* Preview Content */,
			);
			path = RocketLaunchTCA;
			sourceTree = "<group>";
		};
		A01BE62828AF79C7000567C4 /* Preview Content */ = {
			isa = PBXGroup;
			children = (
				A01BE62928AF79C7000567C4 /* Preview Assets.xcassets */,
			);
			path = "Preview Content";
			sourceTree = "<group>";
		};
		A01BE63228AF79C7000567C4 /* RocketLaunchTCATests */ = {
			isa = PBXGroup;
			children = (
				A01BE63328AF79C7000567C4 /* RocketLaunchTCATests.swift */,
			);
			path = RocketLaunchTCATests;
			sourceTree = "<group>";
		};
		A01BE63C28AF79C7000567C4 /* RocketLaunchTCAUITests */ = {
			isa = PBXGroup;
			children = (
				A01BE63D28AF79C7000567C4 /* RocketLaunchTCAUITests.swift */,
				A01BE63F28AF79C7000567C4 /* RocketLaunchTCAUITestsLaunchTests.swift */,
			);
			path = RocketLaunchTCAUITests;
			sourceTree = "<group>";
		};
		A01BE64F28AF7AD6000567C4 /* RocketList */ = {
			isa = PBXGroup;
			children = (
				A01BE65028AF7D01000567C4 /* RocketListView.swift */,
				A01BE65228AF7D2D000567C4 /* RocketListFeature.swift */,
			);
			path = RocketList;
			sourceTree = "<group>";
		};
/* End PBXGroup section */

/* Begin PBXNativeTarget section */
		A01BE61E28AF79C5000567C4 /* RocketLaunchTCA */ = {
			isa = PBXNativeTarget;
			buildConfigurationList = A01BE64328AF79C7000567C4 /* Build configuration list for PBXNativeTarget "RocketLaunchTCA" */;
			buildPhases = (
				A01BE61B28AF79C5000567C4 /* Sources */,
				A01BE61C28AF79C5000567C4 /* Frameworks */,
				A01BE61D28AF79C5000567C4 /* Resources */,
			);
			buildRules = (
			);
			dependencies = (
			);
			name = RocketLaunchTCA;
			packageProductDependencies = (
				A01BE64D28AF7A77000567C4 /* ComposableArchitecture */,
			);
			productName = RocketLaunchTCA;
			productReference = A01BE61F28AF79C5000567C4 /* RocketLaunchTCA.app */;
			productType = "com.apple.product-type.application";
		};
		A01BE62E28AF79C7000567C4 /* RocketLaunchTCATests */ = {
			isa = PBXNativeTarget;
			buildConfigurationList = A01BE64628AF79C7000567C4 /* Build configuration list for PBXNativeTarget "RocketLaunchTCATests" */;
			buildPhases = (
				A01BE62B28AF79C7000567C4 /* Sources */,
				A01BE62C28AF79C7000567C4 /* Frameworks */,
				A01BE62D28AF79C7000567C4 /* Resources */,
			);
			buildRules = (
			);
			dependencies = (
				A01BE63128AF79C7000567C4 /* PBXTargetDependency */,
			);
			name = RocketLaunchTCATests;
			productName = RocketLaunchTCATests;
			productReference = A01BE62F28AF79C7000567C4 /* RocketLaunchTCATests.xctest */;
			productType = "com.apple.product-type.bundle.unit-test";
		};
		A01BE63828AF79C7000567C4 /* RocketLaunchTCAUITests */ = {
			isa = PBXNativeTarget;
			buildConfigurationList = A01BE64928AF79C7000567C4 /* Build configuration list for PBXNativeTarget "RocketLaunchTCAUITests" */;
			buildPhases = (
				A01BE63528AF79C7000567C4 /* Sources */,
				A01BE63628AF79C7000567C4 /* Frameworks */,
				A01BE63728AF79C7000567C4 /* Resources */,
			);
			buildRules = (
			);
			dependencies = (
				A01BE63B28AF79C7000567C4 /* PBXTargetDependency */,
			);
			name = RocketLaunchTCAUITests;
			productName = RocketLaunchTCAUITests;
			productReference = A01BE63928AF79C7000567C4 /* RocketLaunchTCAUITests.xctest */;
			productType = "com.apple.product-type.bundle.ui-testing";
		};
/* End PBXNativeTarget section */

/* Begin PBXProject section */
		A01BE61728AF79C5000567C4 /* Project object */ = {
			isa = PBXProject;
			attributes = {
				BuildIndependentTargetsInParallel = 1;
				LastSwiftUpdateCheck = 1340;
				LastUpgradeCheck = 1340;
				TargetAttributes = {
					A01BE61E28AF79C5000567C4 = {
						CreatedOnToolsVersion = 13.4.1;
					};
					A01BE62E28AF79C7000567C4 = {
						CreatedOnToolsVersion = 13.4.1;
						TestTargetID = A01BE61E28AF79C5000567C4;
					};
					A01BE63828AF79C7000567C4 = {
						CreatedOnToolsVersion = 13.4.1;
						TestTargetID = A01BE61E28AF79C5000567C4;
					};
				};
			};
			buildConfigurationList = A01BE61A28AF79C5000567C4 /* Build configuration list for PBXProject "RocketLaunchTCA" */;
			compatibilityVersion = "Xcode 13.0";
			developmentRegion = en;
			hasScannedForEncodings = 0;
			knownRegions = (
				en,
				Base,
			);
			mainGroup = A01BE61628AF79C5000567C4;
			packageReferences = (
				A01BE64C28AF7A77000567C4 /* XCRemoteSwiftPackageReference "swift-composable-architecture" */,
			);
			productRefGroup = A01BE62028AF79C5000567C4 /* Products */;
			projectDirPath = "";
			projectRoot = "";
			targets = (
				A01BE61E28AF79C5000567C4 /* RocketLaunchTCA */,
				A01BE62E28AF79C7000567C4 /* RocketLaunchTCATests */,
				A01BE63828AF79C7000567C4 /* RocketLaunchTCAUITests */,
			);
		};
/* End PBXProject section */

/* Begin PBXResourcesBuildPhase section */
		A01BE61D28AF79C5000567C4 /* Resources */ = {
			isa = PBXResourcesBuildPhase;
			buildActionMask = 2147483647;
			files = (
				A01BE62A28AF79C7000567C4 /* Preview Assets.xcassets in Resources */,
				A01BE62728AF79C7000567C4 /* Assets.xcassets in Resources */,
			);
			runOnlyForDeploymentPostprocessing = 0;
		};
		A01BE62D28AF79C7000567C4 /* Resources */ = {
			isa = PBXResourcesBuildPhase;
			buildActionMask = 2147483647;
			files = (
			);
			runOnlyForDeploymentPostprocessing = 0;
		};
		A01BE63728AF79C7000567C4 /* Resources */ = {
			isa = PBXResourcesBuildPhase;
			buildActionMask = 2147483647;
			files = (
			);
			runOnlyForDeploymentPostprocessing = 0;
		};
/* End PBXResourcesBuildPhase section */

/* Begin PBXSourcesBuildPhase section */
		A01BE61B28AF79C5000567C4 /* Sources */ = {
			isa = PBXSourcesBuildPhase;
			buildActionMask = 2147483647;
			files = (
				A01BE65128AF7D01000567C4 /* RocketListView.swift in Sources */,
				A01BE62328AF79C5000567C4 /* RocketLaunchTCAApp.swift in Sources */,
				A01BE65328AF7D2D000567C4 /* RocketListFeature.swift in Sources */,
			);
			runOnlyForDeploymentPostprocessing = 0;
		};
		A01BE62B28AF79C7000567C4 /* Sources */ = {
			isa = PBXSourcesBuildPhase;
			buildActionMask = 2147483647;
			files = (
				A01BE63428AF79C7000567C4 /* RocketLaunchTCATests.swift in Sources */,
			);
			runOnlyForDeploymentPostprocessing = 0;
		};
		A01BE63528AF79C7000567C4 /* Sources */ = {
			isa = PBXSourcesBuildPhase;
			buildActionMask = 2147483647;
			files = (
				A01BE64028AF79C7000567C4 /* RocketLaunchTCAUITestsLaunchTests.swift in Sources */,
				A01BE63E28AF79C7000567C4 /* RocketLaunchTCAUITests.swift in Sources */,
			);
			runOnlyForDeploymentPostprocessing = 0;
		};
/* End PBXSourcesBuildPhase section */

/* Begin PBXTargetDependency section */
		A01BE63128AF79C7000567C4 /* PBXTargetDependency */ = {
			isa = PBXTargetDependency;
			target = A01BE61E28AF79C5000567C4 /* RocketLaunchTCA */;
			targetProxy = A01BE63028AF79C7000567C4 /* PBXContainerItemProxy */;
		};
		A01BE63B28AF79C7000567C4 /* PBXTargetDependency */ = {
			isa = PBXTargetDependency;
			target = A01BE61E28AF79C5000567C4 /* RocketLaunchTCA */;
			targetProxy = A01BE63A28AF79C7000567C4 /* PBXContainerItemProxy */;
		};
/* End PBXTargetDependency section */

/* Begin XCBuildConfiguration section */
		A01BE64128AF79C7000567C4 /* Debug */ = {
			isa = XCBuildConfiguration;
			buildSettings = {
				ALWAYS_SEARCH_USER_PATHS = NO;
				CLANG_ANALYZER_NONNULL = YES;
				CLANG_ANALYZER_NUMBER_OBJECT_CONVERSION = YES_AGGRESSIVE;
				CLANG_CXX_LANGUAGE_STANDARD = "gnu++17";
				CLANG_ENABLE_MODULES = YES;
				CLANG_ENABLE_OBJC_ARC = YES;
				CLANG_ENABLE_OBJC_WEAK = YES;
				CLANG_WARN_BLOCK_CAPTURE_AUTORELEASING = YES;
				CLANG_WARN_BOOL_CONVERSION = YES;
				CLANG_WARN_COMMA = YES;
				CLANG_WARN_CONSTANT_CONVERSION = YES;
				CLANG_WARN_DEPRECATED_OBJC_IMPLEMENTATIONS = YES;
				CLANG_WARN_DIRECT_OBJC_ISA_USAGE = YES_ERROR;
				CLANG_WARN_DOCUMENTATION_COMMENTS = YES;
				CLANG_WARN_EMPTY_BODY = YES;
				CLANG_WARN_ENUM_CONVERSION = YES;
				CLANG_WARN_INFINITE_RECURSION = YES;
				CLANG_WARN_INT_CONVERSION = YES;
				CLANG_WARN_NON_LITERAL_NULL_CONVERSION = YES;
				CLANG_WARN_OBJC_IMPLICIT_RETAIN_SELF = YES;
				CLANG_WARN_OBJC_LITERAL_CONVERSION = YES;
				CLANG_WARN_OBJC_ROOT_CLASS = YES_ERROR;
				CLANG_WARN_QUOTED_INCLUDE_IN_FRAMEWORK_HEADER = YES;
				CLANG_WARN_RANGE_LOOP_ANALYSIS = YES;
				CLANG_WARN_STRICT_PROTOTYPES = YES;
				CLANG_WARN_SUSPICIOUS_MOVE = YES;
				CLANG_WARN_UNGUARDED_AVAILABILITY = YES_AGGRESSIVE;
				CLANG_WARN_UNREACHABLE_CODE = YES;
				CLANG_WARN__DUPLICATE_METHOD_MATCH = YES;
				COPY_PHASE_STRIP = NO;
				DEBUG_INFORMATION_FORMAT = dwarf;
				ENABLE_STRICT_OBJC_MSGSEND = YES;
				ENABLE_TESTABILITY = YES;
				GCC_C_LANGUAGE_STANDARD = gnu11;
				GCC_DYNAMIC_NO_PIC = NO;
				GCC_NO_COMMON_BLOCKS = YES;
				GCC_OPTIMIZATION_LEVEL = 0;
				GCC_PREPROCESSOR_DEFINITIONS = (
					"DEBUG=1",
					"$(inherited)",
				);
				GCC_WARN_64_TO_32_BIT_CONVERSION = YES;
				GCC_WARN_ABOUT_RETURN_TYPE = YES_ERROR;
				GCC_WARN_UNDECLARED_SELECTOR = YES;
				GCC_WARN_UNINITIALIZED_AUTOS = YES_AGGRESSIVE;
				GCC_WARN_UNUSED_FUNCTION = YES;
				GCC_WARN_UNUSED_VARIABLE = YES;
				IPHONEOS_DEPLOYMENT_TARGET = 15.5;
				MTL_ENABLE_DEBUG_INFO = INCLUDE_SOURCE;
				MTL_FAST_MATH = YES;
				ONLY_ACTIVE_ARCH = YES;
				SDKROOT = iphoneos;
				SWIFT_ACTIVE_COMPILATION_CONDITIONS = DEBUG;
				SWIFT_OPTIMIZATION_LEVEL = "-Onone";
			};
			name = Debug;
		};
		A01BE64228AF79C7000567C4 /* Release */ = {
			isa = XCBuildConfiguration;
			buildSettings = {
				ALWAYS_SEARCH_USER_PATHS = NO;
				CLANG_ANALYZER_NONNULL = YES;
				CLANG_ANALYZER_NUMBER_OBJECT_CONVERSION = YES_AGGRESSIVE;
				CLANG_CXX_LANGUAGE_STANDARD = "gnu++17";
				CLANG_ENABLE_MODULES = YES;
				CLANG_ENABLE_OBJC_ARC = YES;
				CLANG_ENABLE_OBJC_WEAK = YES;
				CLANG_WARN_BLOCK_CAPTURE_AUTORELEASING = YES;
				CLANG_WARN_BOOL_CONVERSION = YES;
				CLANG_WARN_COMMA = YES;
				CLANG_WARN_CONSTANT_CONVERSION = YES;
				CLANG_WARN_DEPRECATED_OBJC_IMPLEMENTATIONS = YES;
				CLANG_WARN_DIRECT_OBJC_ISA_USAGE = YES_ERROR;
				CLANG_WARN_DOCUMENTATION_COMMENTS = YES;
				CLANG_WARN_EMPTY_BODY = YES;
				CLANG_WARN_ENUM_CONVERSION = YES;
				CLANG_WARN_INFINITE_RECURSION = YES;
				CLANG_WARN_INT_CONVERSION = YES;
				CLANG_WARN_NON_LITERAL_NULL_CONVERSION = YES;
				CLANG_WARN_OBJC_IMPLICIT_RETAIN_SELF = YES;
				CLANG_WARN_OBJC_LITERAL_CONVERSION = YES;
				CLANG_WARN_OBJC_ROOT_CLASS = YES_ERROR;
				CLANG_WARN_QUOTED_INCLUDE_IN_FRAMEWORK_HEADER = YES;
				CLANG_WARN_RANGE_LOOP_ANALYSIS = YES;
				CLANG_WARN_STRICT_PROTOTYPES = YES;
				CLANG_WARN_SUSPICIOUS_MOVE = YES;
				CLANG_WARN_UNGUARDED_AVAILABILITY = YES_AGGRESSIVE;
				CLANG_WARN_UNREACHABLE_CODE = YES;
				CLANG_WARN__DUPLICATE_METHOD_MATCH = YES;
				COPY_PHASE_STRIP = NO;
				DEBUG_INFORMATION_FORMAT = "dwarf-with-dsym";
				ENABLE_NS_ASSERTIONS = NO;
				ENABLE_STRICT_OBJC_MSGSEND = YES;
				GCC_C_LANGUAGE_STANDARD = gnu11;
				GCC_NO_COMMON_BLOCKS = YES;
				GCC_WARN_64_TO_32_BIT_CONVERSION = YES;
				GCC_WARN_ABOUT_RETURN_TYPE = YES_ERROR;
				GCC_WARN_UNDECLARED_SELECTOR = YES;
				GCC_WARN_UNINITIALIZED_AUTOS = YES_AGGRESSIVE;
				GCC_WARN_UNUSED_FUNCTION = YES;
				GCC_WARN_UNUSED_VARIABLE = YES;
				IPHONEOS_DEPLOYMENT_TARGET = 15.5;
				MTL_ENABLE_DEBUG_INFO = NO;
				MTL_FAST_MATH = YES;
				SDKROOT = iphoneos;
				SWIFT_COMPILATION_MODE = wholemodule;
				SWIFT_OPTIMIZATION_LEVEL = "-O";
				VALIDATE_PRODUCT = YES;
			};
			name = Release;
		};
		A01BE64428AF79C7000567C4 /* Debug */ = {
			isa = XCBuildConfiguration;
			buildSettings = {
				ASSETCATALOG_COMPILER_APPICON_NAME = AppIcon;
				ASSETCATALOG_COMPILER_GLOBAL_ACCENT_COLOR_NAME = AccentColor;
				CODE_SIGN_STYLE = Automatic;
				CURRENT_PROJECT_VERSION = 1;
				DEVELOPMENT_ASSET_PATHS = "\"RocketLaunchTCA/Preview Content\"";
				DEVELOPMENT_TEAM = SF322564WJ;
				ENABLE_PREVIEWS = YES;
				GENERATE_INFOPLIST_FILE = YES;
				INFOPLIST_KEY_UIApplicationSceneManifest_Generation = YES;
				INFOPLIST_KEY_UIApplicationSupportsIndirectInputEvents = YES;
				INFOPLIST_KEY_UILaunchScreen_Generation = YES;
				INFOPLIST_KEY_UISupportedInterfaceOrientations_iPad = "UIInterfaceOrientationPortrait UIInterfaceOrientationPortraitUpsideDown UIInterfaceOrientationLandscapeLeft UIInterfaceOrientationLandscapeRight";
				INFOPLIST_KEY_UISupportedInterfaceOrientations_iPhone = "UIInterfaceOrientationPortrait UIInterfaceOrientationLandscapeLeft UIInterfaceOrientationLandscapeRight";
				LD_RUNPATH_SEARCH_PATHS = (
					"$(inherited)",
					"@executable_path/Frameworks",
				);
				MARKETING_VERSION = 1.0;
				PRODUCT_BUNDLE_IDENTIFIER = havrdovaLucie.RocketLaunchTCA;
				PRODUCT_NAME = "$(TARGET_NAME)";
				SWIFT_EMIT_LOC_STRINGS = YES;
				SWIFT_VERSION = 5.0;
				TARGETED_DEVICE_FAMILY = "1,2";
			};
			name = Debug;
		};
		A01BE64528AF79C7000567C4 /* Release */ = {
			isa = XCBuildConfiguration;
			buildSettings = {
				ASSETCATALOG_COMPILER_APPICON_NAME = AppIcon;
				ASSETCATALOG_COMPILER_GLOBAL_ACCENT_COLOR_NAME = AccentColor;
				CODE_SIGN_STYLE = Automatic;
				CURRENT_PROJECT_VERSION = 1;
				DEVELOPMENT_ASSET_PATHS = "\"RocketLaunchTCA/Preview Content\"";
				DEVELOPMENT_TEAM = SF322564WJ;
				ENABLE_PREVIEWS = YES;
				GENERATE_INFOPLIST_FILE = YES;
				INFOPLIST_KEY_UIApplicationSceneManifest_Generation = YES;
				INFOPLIST_KEY_UIApplicationSupportsIndirectInputEvents = YES;
				INFOPLIST_KEY_UILaunchScreen_Generation = YES;
				INFOPLIST_KEY_UISupportedInterfaceOrientations_iPad = "UIInterfaceOrientationPortrait UIInterfaceOrientationPortraitUpsideDown UIInterfaceOrientationLandscapeLeft UIInterfaceOrientationLandscapeRight";
				INFOPLIST_KEY_UISupportedInterfaceOrientations_iPhone = "UIInterfaceOrientationPortrait UIInterfaceOrientationLandscapeLeft UIInterfaceOrientationLandscapeRight";
				LD_RUNPATH_SEARCH_PATHS = (
					"$(inherited)",
					"@executable_path/Frameworks",
				);
				MARKETING_VERSION = 1.0;
				PRODUCT_BUNDLE_IDENTIFIER = havrdovaLucie.RocketLaunchTCA;
				PRODUCT_NAME = "$(TARGET_NAME)";
				SWIFT_EMIT_LOC_STRINGS = YES;
				SWIFT_VERSION = 5.0;
				TARGETED_DEVICE_FAMILY = "1,2";
			};
			name = Release;
		};
		A01BE64728AF79C7000567C4 /* Debug */ = {
			isa = XCBuildConfiguration;
			buildSettings = {
				ALWAYS_EMBED_SWIFT_STANDARD_LIBRARIES = YES;
				BUNDLE_LOADER = "$(TEST_HOST)";
				CODE_SIGN_STYLE = Automatic;
				CURRENT_PROJECT_VERSION = 1;
				DEVELOPMENT_TEAM = SF322564WJ;
				GENERATE_INFOPLIST_FILE = YES;
				IPHONEOS_DEPLOYMENT_TARGET = 15.5;
				MARKETING_VERSION = 1.0;
				PRODUCT_BUNDLE_IDENTIFIER = havrdovaLucie.RocketLaunchTCATests;
				PRODUCT_NAME = "$(TARGET_NAME)";
				SWIFT_EMIT_LOC_STRINGS = NO;
				SWIFT_VERSION = 5.0;
				TARGETED_DEVICE_FAMILY = "1,2";
				TEST_HOST = "$(BUILT_PRODUCTS_DIR)/RocketLaunchTCA.app/RocketLaunchTCA";
			};
			name = Debug;
		};
		A01BE64828AF79C7000567C4 /* Release */ = {
			isa = XCBuildConfiguration;
			buildSettings = {
				ALWAYS_EMBED_SWIFT_STANDARD_LIBRARIES = YES;
				BUNDLE_LOADER = "$(TEST_HOST)";
				CODE_SIGN_STYLE = Automatic;
				CURRENT_PROJECT_VERSION = 1;
				DEVELOPMENT_TEAM = SF322564WJ;
				GENERATE_INFOPLIST_FILE = YES;
				IPHONEOS_DEPLOYMENT_TARGET = 15.5;
				MARKETING_VERSION = 1.0;
				PRODUCT_BUNDLE_IDENTIFIER = havrdovaLucie.RocketLaunchTCATests;
				PRODUCT_NAME = "$(TARGET_NAME)";
				SWIFT_EMIT_LOC_STRINGS = NO;
				SWIFT_VERSION = 5.0;
				TARGETED_DEVICE_FAMILY = "1,2";
				TEST_HOST = "$(BUILT_PRODUCTS_DIR)/RocketLaunchTCA.app/RocketLaunchTCA";
			};
			name = Release;
		};
		A01BE64A28AF79C7000567C4 /* Debug */ = {
			isa = XCBuildConfiguration;
			buildSettings = {
				ALWAYS_EMBED_SWIFT_STANDARD_LIBRARIES = YES;
				CODE_SIGN_STYLE = Automatic;
				CURRENT_PROJECT_VERSION = 1;
				DEVELOPMENT_TEAM = SF322564WJ;
				GENERATE_INFOPLIST_FILE = YES;
				MARKETING_VERSION = 1.0;
				PRODUCT_BUNDLE_IDENTIFIER = havrdovaLucie.RocketLaunchTCAUITests;
				PRODUCT_NAME = "$(TARGET_NAME)";
				SWIFT_EMIT_LOC_STRINGS = NO;
				SWIFT_VERSION = 5.0;
				TARGETED_DEVICE_FAMILY = "1,2";
				TEST_TARGET_NAME = RocketLaunchTCA;
			};
			name = Debug;
		};
		A01BE64B28AF79C7000567C4 /* Release */ = {
			isa = XCBuildConfiguration;
			buildSettings = {
				ALWAYS_EMBED_SWIFT_STANDARD_LIBRARIES = YES;
				CODE_SIGN_STYLE = Automatic;
				CURRENT_PROJECT_VERSION = 1;
				DEVELOPMENT_TEAM = SF322564WJ;
				GENERATE_INFOPLIST_FILE = YES;
				MARKETING_VERSION = 1.0;
				PRODUCT_BUNDLE_IDENTIFIER = havrdovaLucie.RocketLaunchTCAUITests;
				PRODUCT_NAME = "$(TARGET_NAME)";
				SWIFT_EMIT_LOC_STRINGS = NO;
				SWIFT_VERSION = 5.0;
				TARGETED_DEVICE_FAMILY = "1,2";
				TEST_TARGET_NAME = RocketLaunchTCA;
			};
			name = Release;
		};
/* End XCBuildConfiguration section */

/* Begin XCConfigurationList section */
		A01BE61A28AF79C5000567C4 /* Build configuration list for PBXProject "RocketLaunchTCA" */ = {
			isa = XCConfigurationList;
			buildConfigurations = (
				A01BE64128AF79C7000567C4 /* Debug */,
				A01BE64228AF79C7000567C4 /* Release */,
			);
			defaultConfigurationIsVisible = 0;
			defaultConfigurationName = Release;
		};
		A01BE64328AF79C7000567C4 /* Build configuration list for PBXNativeTarget "RocketLaunchTCA" */ = {
			isa = XCConfigurationList;
			buildConfigurations = (
				A01BE64428AF79C7000567C4 /* Debug */,
				A01BE64528AF79C7000567C4 /* Release */,
			);
			defaultConfigurationIsVisible = 0;
			defaultConfigurationName = Release;
		};
		A01BE64628AF79C7000567C4 /* Build configuration list for PBXNativeTarget "RocketLaunchTCATests" */ = {
			isa = XCConfigurationList;
			buildConfigurations = (
				A01BE64728AF79C7000567C4 /* Debug */,
				A01BE64828AF79C7000567C4 /* Release */,
			);
			defaultConfigurationIsVisible = 0;
			defaultConfigurationName = Release;
		};
		A01BE64928AF79C7000567C4 /* Build configuration list for PBXNativeTarget "RocketLaunchTCAUITests" */ = {
			isa = XCConfigurationList;
			buildConfigurations = (
				A01BE64A28AF79C7000567C4 /* Debug */,
				A01BE64B28AF79C7000567C4 /* Release */,
			);
			defaultConfigurationIsVisible = 0;
			defaultConfigurationName = Release;
		};
/* End XCConfigurationList section */

/* Begin XCRemoteSwiftPackageReference section */
		A01BE64C28AF7A77000567C4 /* XCRemoteSwiftPackageReference "swift-composable-architecture" */ = {
			isa = XCRemoteSwiftPackageReference;
			repositoryURL = "https://github.com/pointfreeco/swift-composable-architecture";
			requirement = {
				branch = main;
				kind = branch;
			};
		};
/* End XCRemoteSwiftPackageReference section */

/* Begin XCSwiftPackageProductDependency section */
		A01BE64D28AF7A77000567C4 /* ComposableArchitecture */ = {
			isa = XCSwiftPackageProductDependency;
			package = A01BE64C28AF7A77000567C4 /* XCRemoteSwiftPackageReference "swift-composable-architecture" */;
			productName = ComposableArchitecture;
		};
/* End XCSwiftPackageProductDependency section */
	};
	rootObject = A01BE61728AF79C5000567C4 /* Project object */;
}
