// !$*UTF8*$!
{
	archiveVersion = 1;
	classes = {
	};
	objectVersion = 56;
	objects = {

/* Begin PBXBuildFile section */
		F010604E29E22FEB00F620BC /* RocketRepository in Frameworks */ = {isa = PBXBuildFile; productRef = F010604D29E22FEB00F620BC /* RocketRepository */; };
		F0B5C79629AAE37100A875AE /* RocketLaunchDomain.swift in Sources */ = {isa = PBXBuildFile; fileRef = F0B5C79529AAE37100A875AE /* RocketLaunchDomain.swift */; };
		F0D977F729E230F900D29FF6 /* CoreMotionClient in Frameworks */ = {isa = PBXBuildFile; productRef = F0D977F629E230F900D29FF6 /* CoreMotionClient */; };
		F0E0A96729A83B22004760E7 /* Ficek_QuantiAppApp.swift in Sources */ = {isa = PBXBuildFile; fileRef = F0E0A96629A83B22004760E7 /* Ficek_QuantiAppApp.swift */; };
		F0E0A96B29A83B24004760E7 /* Assets.xcassets in Resources */ = {isa = PBXBuildFile; fileRef = F0E0A96A29A83B24004760E7 /* Assets.xcassets */; };
		F0E0A96E29A83B24004760E7 /* Preview Assets.xcassets in Resources */ = {isa = PBXBuildFile; fileRef = F0E0A96D29A83B24004760E7 /* Preview Assets.xcassets */; };
		F0E0A97529A83B33004760E7 /* MainView.swift in Sources */ = {isa = PBXBuildFile; fileRef = F0E0A97429A83B33004760E7 /* MainView.swift */; };
		F0E0A97929A83B85004760E7 /* RocketListView.swift in Sources */ = {isa = PBXBuildFile; fileRef = F0E0A97829A83B85004760E7 /* RocketListView.swift */; };
		F0E0A97B29A83BB3004760E7 /* RocketListPartView.swift in Sources */ = {isa = PBXBuildFile; fileRef = F0E0A97A29A83BB3004760E7 /* RocketListPartView.swift */; };
		F0E0A97D29A83BDC004760E7 /* RocketDetailView.swift in Sources */ = {isa = PBXBuildFile; fileRef = F0E0A97C29A83BDC004760E7 /* RocketDetailView.swift */; };
		F0E0A97F29A83BE3004760E7 /* RocketLaunchView.swift in Sources */ = {isa = PBXBuildFile; fileRef = F0E0A97E29A83BE3004760E7 /* RocketLaunchView.swift */; };
		F0E0A98129A84239004760E7 /* RocketParametersView.swift in Sources */ = {isa = PBXBuildFile; fileRef = F0E0A98029A84239004760E7 /* RocketParametersView.swift */; };
		F0E0A98629A843E5004760E7 /* RocketFirstStageView.swift in Sources */ = {isa = PBXBuildFile; fileRef = F0E0A98529A843E5004760E7 /* RocketFirstStageView.swift */; };
		F0E0A98829A843EC004760E7 /* RocketSecondStageView.swift in Sources */ = {isa = PBXBuildFile; fileRef = F0E0A98729A843EC004760E7 /* RocketSecondStageView.swift */; };
		F0E0A98A29A843F3004760E7 /* RocketPhotosView.swift in Sources */ = {isa = PBXBuildFile; fileRef = F0E0A98929A843F3004760E7 /* RocketPhotosView.swift */; };
		F0E0A99629A96465004760E7 /* ComposableArchitecture in Frameworks */ = {isa = PBXBuildFile; productRef = F0E0A99529A96465004760E7 /* ComposableArchitecture */; };
		F0E0A99829A9732B004760E7 /* RocketDetailDomain.swift in Sources */ = {isa = PBXBuildFile; fileRef = F0E0A99729A9732B004760E7 /* RocketDetailDomain.swift */; };
		F0E0A99E29AA6531004760E7 /* RocketListDomain.swift in Sources */ = {isa = PBXBuildFile; fileRef = F0E0A99D29AA6531004760E7 /* RocketListDomain.swift */; };
		F0E6071529E1A58700AA7E43 /* Rocket in Frameworks */ = {isa = PBXBuildFile; productRef = F0E6071429E1A58700AA7E43 /* Rocket */; };
		F0EB21B929DECBFA00AD42F9 /* CombineExtensions in Frameworks */ = {isa = PBXBuildFile; productRef = F0EB21B829DECBFA00AD42F9 /* CombineExtensions */; };
		F0EB21BB29DECBFA00AD42F9 /* CoreDatabase in Frameworks */ = {isa = PBXBuildFile; productRef = F0EB21BA29DECBFA00AD42F9 /* CoreDatabase */; };
		F0EB21BD29DECBFA00AD42F9 /* ErrorReporting in Frameworks */ = {isa = PBXBuildFile; productRef = F0EB21BC29DECBFA00AD42F9 /* ErrorReporting */; };
		F0EB21BF29DECBFA00AD42F9 /* KeyValueStorage in Frameworks */ = {isa = PBXBuildFile; productRef = F0EB21BE29DECBFA00AD42F9 /* KeyValueStorage */; };
		F0EB21C129DECBFA00AD42F9 /* ModelConvertible in Frameworks */ = {isa = PBXBuildFile; productRef = F0EB21C029DECBFA00AD42F9 /* ModelConvertible */; };
		F0EB21C329DECBFA00AD42F9 /* NetworkMonitoring in Frameworks */ = {isa = PBXBuildFile; productRef = F0EB21C229DECBFA00AD42F9 /* NetworkMonitoring */; };
		F0EB21C529DECBFA00AD42F9 /* Networking in Frameworks */ = {isa = PBXBuildFile; productRef = F0EB21C429DECBFA00AD42F9 /* Networking */; };
		F0EB21C729DECBFA00AD42F9 /* RequestBuilder in Frameworks */ = {isa = PBXBuildFile; productRef = F0EB21C629DECBFA00AD42F9 /* RequestBuilder */; };
		F0EB21C929DECBFA00AD42F9 /* Utils in Frameworks */ = {isa = PBXBuildFile; productRef = F0EB21C829DECBFA00AD42F9 /* Utils */; };
		F0FBCB2629AE966D0046D27E /* RockeRepositoryTests.swift in Sources */ = {isa = PBXBuildFile; fileRef = F0FBCB2529AE966D0046D27E /* RockeRepositoryTests.swift */; };
		F0FBCB2829AE9D8B0046D27E /* RockeListDomainTests.swift in Sources */ = {isa = PBXBuildFile; fileRef = F0FBCB2729AE9D8B0046D27E /* RockeListDomainTests.swift */; };
		F0FBCB2A29AEB90E0046D27E /* RocketLaunchDomainTests.swift in Sources */ = {isa = PBXBuildFile; fileRef = F0FBCB2929AEB90E0046D27E /* RocketLaunchDomainTests.swift */; };
/* End PBXBuildFile section */

/* Begin PBXContainerItemProxy section */
		F0FBCB2029AE96590046D27E /* PBXContainerItemProxy */ = {
			isa = PBXContainerItemProxy;
			containerPortal = F0E0A95B29A83B22004760E7 /* Project object */;
			proxyType = 1;
			remoteGlobalIDString = F0E0A96229A83B22004760E7;
			remoteInfo = Ficek_QuantiApp;
		};
/* End PBXContainerItemProxy section */

/* Begin PBXFileReference section */
		F0873A0729E1921C00EC7465 /* Features */ = {isa = PBXFileReference; lastKnownFileType = wrapper; name = Features; path = ../Features/Features; sourceTree = "<group>"; };
		F0873A0829E1924300EC7465 /* Domain */ = {isa = PBXFileReference; lastKnownFileType = wrapper; name = Domain; path = ../Domain/Domain; sourceTree = "<group>"; };
		F0873A0A29E1927D00EC7465 /* Infrastructure */ = {isa = PBXFileReference; lastKnownFileType = wrapper; name = Infrastructure; path = ../Infrastructure/Infrastructure; sourceTree = "<group>"; };
		F0B5C79529AAE37100A875AE /* RocketLaunchDomain.swift */ = {isa = PBXFileReference; lastKnownFileType = sourcecode.swift; path = RocketLaunchDomain.swift; sourceTree = "<group>"; };
		F0E0A96329A83B22004760E7 /* Ficek_QuantiApp.app */ = {isa = PBXFileReference; explicitFileType = wrapper.application; includeInIndex = 0; path = Ficek_QuantiApp.app; sourceTree = BUILT_PRODUCTS_DIR; };
		F0E0A96629A83B22004760E7 /* Ficek_QuantiAppApp.swift */ = {isa = PBXFileReference; lastKnownFileType = sourcecode.swift; path = Ficek_QuantiAppApp.swift; sourceTree = "<group>"; };
		F0E0A96A29A83B24004760E7 /* Assets.xcassets */ = {isa = PBXFileReference; lastKnownFileType = folder.assetcatalog; path = Assets.xcassets; sourceTree = "<group>"; };
		F0E0A96D29A83B24004760E7 /* Preview Assets.xcassets */ = {isa = PBXFileReference; lastKnownFileType = folder.assetcatalog; path = "Preview Assets.xcassets"; sourceTree = "<group>"; };
		F0E0A97429A83B33004760E7 /* MainView.swift */ = {isa = PBXFileReference; lastKnownFileType = sourcecode.swift; path = MainView.swift; sourceTree = "<group>"; };
		F0E0A97829A83B85004760E7 /* RocketListView.swift */ = {isa = PBXFileReference; lastKnownFileType = sourcecode.swift; path = RocketListView.swift; sourceTree = "<group>"; };
		F0E0A97A29A83BB3004760E7 /* RocketListPartView.swift */ = {isa = PBXFileReference; lastKnownFileType = sourcecode.swift; path = RocketListPartView.swift; sourceTree = "<group>"; };
		F0E0A97C29A83BDC004760E7 /* RocketDetailView.swift */ = {isa = PBXFileReference; lastKnownFileType = sourcecode.swift; path = RocketDetailView.swift; sourceTree = "<group>"; };
		F0E0A97E29A83BE3004760E7 /* RocketLaunchView.swift */ = {isa = PBXFileReference; lastKnownFileType = sourcecode.swift; path = RocketLaunchView.swift; sourceTree = "<group>"; };
		F0E0A98029A84239004760E7 /* RocketParametersView.swift */ = {isa = PBXFileReference; lastKnownFileType = sourcecode.swift; path = RocketParametersView.swift; sourceTree = "<group>"; };
		F0E0A98529A843E5004760E7 /* RocketFirstStageView.swift */ = {isa = PBXFileReference; lastKnownFileType = sourcecode.swift; path = RocketFirstStageView.swift; sourceTree = "<group>"; };
		F0E0A98729A843EC004760E7 /* RocketSecondStageView.swift */ = {isa = PBXFileReference; lastKnownFileType = sourcecode.swift; path = RocketSecondStageView.swift; sourceTree = "<group>"; };
		F0E0A98929A843F3004760E7 /* RocketPhotosView.swift */ = {isa = PBXFileReference; lastKnownFileType = sourcecode.swift; path = RocketPhotosView.swift; sourceTree = "<group>"; };
		F0E0A99729A9732B004760E7 /* RocketDetailDomain.swift */ = {isa = PBXFileReference; lastKnownFileType = sourcecode.swift; path = RocketDetailDomain.swift; sourceTree = "<group>"; };
		F0E0A99D29AA6531004760E7 /* RocketListDomain.swift */ = {isa = PBXFileReference; lastKnownFileType = sourcecode.swift; path = RocketListDomain.swift; sourceTree = "<group>"; };
		F0FBCB1C29AE96590046D27E /* Ficek_QuantiAppTests.xctest */ = {isa = PBXFileReference; explicitFileType = wrapper.cfbundle; includeInIndex = 0; path = Ficek_QuantiAppTests.xctest; sourceTree = BUILT_PRODUCTS_DIR; };
		F0FBCB2529AE966D0046D27E /* RockeRepositoryTests.swift */ = {isa = PBXFileReference; lastKnownFileType = sourcecode.swift; path = RockeRepositoryTests.swift; sourceTree = "<group>"; };
		F0FBCB2729AE9D8B0046D27E /* RockeListDomainTests.swift */ = {isa = PBXFileReference; lastKnownFileType = sourcecode.swift; path = RockeListDomainTests.swift; sourceTree = "<group>"; };
		F0FBCB2929AEB90E0046D27E /* RocketLaunchDomainTests.swift */ = {isa = PBXFileReference; lastKnownFileType = sourcecode.swift; path = RocketLaunchDomainTests.swift; sourceTree = "<group>"; };
/* End PBXFileReference section */

/* Begin PBXFrameworksBuildPhase section */
		F0E0A96029A83B22004760E7 /* Frameworks */ = {
			isa = PBXFrameworksBuildPhase;
			buildActionMask = 2147483647;
			files = (
				F0EB21B929DECBFA00AD42F9 /* CombineExtensions in Frameworks */,
				F0E6071529E1A58700AA7E43 /* Rocket in Frameworks */,
				F0EB21BB29DECBFA00AD42F9 /* CoreDatabase in Frameworks */,
				F0EB21C929DECBFA00AD42F9 /* Utils in Frameworks */,
				F0EB21C529DECBFA00AD42F9 /* Networking in Frameworks */,
				F0EB21BD29DECBFA00AD42F9 /* ErrorReporting in Frameworks */,
				F0D977F729E230F900D29FF6 /* CoreMotionClient in Frameworks */,
				F0EB21C329DECBFA00AD42F9 /* NetworkMonitoring in Frameworks */,
				F0EB21BF29DECBFA00AD42F9 /* KeyValueStorage in Frameworks */,
				F0EB21C129DECBFA00AD42F9 /* ModelConvertible in Frameworks */,
				F010604E29E22FEB00F620BC /* RocketRepository in Frameworks */,
				F0EB21C729DECBFA00AD42F9 /* RequestBuilder in Frameworks */,
				F0E0A99629A96465004760E7 /* ComposableArchitecture in Frameworks */,
			);
			runOnlyForDeploymentPostprocessing = 0;
		};
		F0FBCB1929AE96590046D27E /* Frameworks */ = {
			isa = PBXFrameworksBuildPhase;
			buildActionMask = 2147483647;
			files = (
			);
			runOnlyForDeploymentPostprocessing = 0;
		};
/* End PBXFrameworksBuildPhase section */

/* Begin PBXGroup section */
		F0B5C79329AAE34F00A875AE /* Domain  */ = {
			isa = PBXGroup;
			children = (
				F0B5C79529AAE37100A875AE /* RocketLaunchDomain.swift */,
			);
			path = "Domain ";
			sourceTree = "<group>";
		};
		F0B5C79429AAE35600A875AE /* Presentation */ = {
			isa = PBXGroup;
			children = (
				F0E0A97E29A83BE3004760E7 /* RocketLaunchView.swift */,
			);
			path = Presentation;
			sourceTree = "<group>";
		};
		F0E0A95A29A83B22004760E7 = {
			isa = PBXGroup;
			children = (
				F0873A0729E1921C00EC7465 /* Features */,
				F0873A0829E1924300EC7465 /* Domain */,
				F0873A0A29E1927D00EC7465 /* Infrastructure */,
				F0E0A96529A83B22004760E7 /* Ficek_QuantiApp */,
				F0FBCB1D29AE96590046D27E /* Ficek_QuantiAppTests */,
				F0E0A96429A83B22004760E7 /* Products */,
				F0E6071329E1A58700AA7E43 /* Frameworks */,
			);
			sourceTree = "<group>";
		};
		F0E0A96429A83B22004760E7 /* Products */ = {
			isa = PBXGroup;
			children = (
				F0E0A96329A83B22004760E7 /* Ficek_QuantiApp.app */,
				F0FBCB1C29AE96590046D27E /* Ficek_QuantiAppTests.xctest */,
			);
			name = Products;
			sourceTree = "<group>";
		};
		F0E0A96529A83B22004760E7 /* Ficek_QuantiApp */ = {
			isa = PBXGroup;
			children = (
				F0E0A96629A83B22004760E7 /* Ficek_QuantiAppApp.swift */,
				F0E0A97429A83B33004760E7 /* MainView.swift */,
				F0E0A98329A8438F004760E7 /* RocketList */,
				F0E0A98229A84385004760E7 /* RocketDetail */,
				F0E0A98429A843A7004760E7 /* RocketLaunch */,
				F0E0A96A29A83B24004760E7 /* Assets.xcassets */,
				F0E0A96C29A83B24004760E7 /* Preview Content */,
			);
			path = Ficek_QuantiApp;
			sourceTree = "<group>";
		};
		F0E0A96C29A83B24004760E7 /* Preview Content */ = {
			isa = PBXGroup;
			children = (
				F0E0A96D29A83B24004760E7 /* Preview Assets.xcassets */,
			);
			path = "Preview Content";
			sourceTree = "<group>";
		};
		F0E0A98229A84385004760E7 /* RocketDetail */ = {
			isa = PBXGroup;
			children = (
				F0E0A99929AA4F3C004760E7 /* Presentation */,
				F0E0A99A29AA4F58004760E7 /* Domain */,
			);
			path = RocketDetail;
			sourceTree = "<group>";
		};
		F0E0A98329A8438F004760E7 /* RocketList */ = {
			isa = PBXGroup;
			children = (
				F0E0A99C29AA4F75004760E7 /* Presentation */,
				F0E0A99B29AA4F71004760E7 /* Domain */,
			);
			path = RocketList;
			sourceTree = "<group>";
		};
		F0E0A98429A843A7004760E7 /* RocketLaunch */ = {
			isa = PBXGroup;
			children = (
				F0B5C79429AAE35600A875AE /* Presentation */,
				F0B5C79329AAE34F00A875AE /* Domain  */,
			);
			path = RocketLaunch;
			sourceTree = "<group>";
		};
		F0E0A99929AA4F3C004760E7 /* Presentation */ = {
			isa = PBXGroup;
			children = (
				F0E0A97C29A83BDC004760E7 /* RocketDetailView.swift */,
				F0E0A98029A84239004760E7 /* RocketParametersView.swift */,
				F0E0A98529A843E5004760E7 /* RocketFirstStageView.swift */,
				F0E0A98729A843EC004760E7 /* RocketSecondStageView.swift */,
				F0E0A98929A843F3004760E7 /* RocketPhotosView.swift */,
			);
			path = Presentation;
			sourceTree = "<group>";
		};
		F0E0A99A29AA4F58004760E7 /* Domain */ = {
			isa = PBXGroup;
			children = (
				F0E0A99729A9732B004760E7 /* RocketDetailDomain.swift */,
			);
			path = Domain;
			sourceTree = "<group>";
		};
		F0E0A99B29AA4F71004760E7 /* Domain */ = {
			isa = PBXGroup;
			children = (
				F0E0A99D29AA6531004760E7 /* RocketListDomain.swift */,
			);
			path = Domain;
			sourceTree = "<group>";
		};
		F0E0A99C29AA4F75004760E7 /* Presentation */ = {
			isa = PBXGroup;
			children = (
				F0E0A97A29A83BB3004760E7 /* RocketListPartView.swift */,
				F0E0A97829A83B85004760E7 /* RocketListView.swift */,
			);
			path = Presentation;
			sourceTree = "<group>";
		};
		F0E6071329E1A58700AA7E43 /* Frameworks */ = {
			isa = PBXGroup;
			children = (
			);
			name = Frameworks;
			sourceTree = "<group>";
		};
		F0FBCB1D29AE96590046D27E /* Ficek_QuantiAppTests */ = {
			isa = PBXGroup;
			children = (
				F0FBCB2529AE966D0046D27E /* RockeRepositoryTests.swift */,
				F0FBCB2729AE9D8B0046D27E /* RockeListDomainTests.swift */,
				F0FBCB2929AEB90E0046D27E /* RocketLaunchDomainTests.swift */,
			);
			path = Ficek_QuantiAppTests;
			sourceTree = "<group>";
		};
/* End PBXGroup section */

/* Begin PBXNativeTarget section */
		F0E0A96229A83B22004760E7 /* Ficek_QuantiApp */ = {
			isa = PBXNativeTarget;
			buildConfigurationList = F0E0A97129A83B24004760E7 /* Build configuration list for PBXNativeTarget "Ficek_QuantiApp" */;
			buildPhases = (
				F0E0A95F29A83B22004760E7 /* Sources */,
				F0E0A96029A83B22004760E7 /* Frameworks */,
				F0E0A96129A83B22004760E7 /* Resources */,
			);
			buildRules = (
			);
			dependencies = (
			);
			name = Ficek_QuantiApp;
			packageProductDependencies = (
				F0E0A99529A96465004760E7 /* ComposableArchitecture */,
				F0EB21B829DECBFA00AD42F9 /* CombineExtensions */,
				F0EB21BA29DECBFA00AD42F9 /* CoreDatabase */,
				F0EB21BC29DECBFA00AD42F9 /* ErrorReporting */,
				F0EB21BE29DECBFA00AD42F9 /* KeyValueStorage */,
				F0EB21C029DECBFA00AD42F9 /* ModelConvertible */,
				F0EB21C229DECBFA00AD42F9 /* NetworkMonitoring */,
				F0EB21C429DECBFA00AD42F9 /* Networking */,
				F0EB21C629DECBFA00AD42F9 /* RequestBuilder */,
				F0EB21C829DECBFA00AD42F9 /* Utils */,
				F0E6071429E1A58700AA7E43 /* Rocket */,
				F010604D29E22FEB00F620BC /* RocketRepository */,
				F0D977F629E230F900D29FF6 /* CoreMotionClient */,
			);
			productName = Ficek_QuantiApp;
			productReference = F0E0A96329A83B22004760E7 /* Ficek_QuantiApp.app */;
			productType = "com.apple.product-type.application";
		};
		F0FBCB1B29AE96590046D27E /* Ficek_QuantiAppTests */ = {
			isa = PBXNativeTarget;
			buildConfigurationList = F0FBCB2229AE96590046D27E /* Build configuration list for PBXNativeTarget "Ficek_QuantiAppTests" */;
			buildPhases = (
				F0FBCB1829AE96590046D27E /* Sources */,
				F0FBCB1929AE96590046D27E /* Frameworks */,
				F0FBCB1A29AE96590046D27E /* Resources */,
			);
			buildRules = (
			);
			dependencies = (
				F0FBCB2129AE96590046D27E /* PBXTargetDependency */,
			);
			name = Ficek_QuantiAppTests;
			productName = Ficek_QuantiAppTests;
			productReference = F0FBCB1C29AE96590046D27E /* Ficek_QuantiAppTests.xctest */;
			productType = "com.apple.product-type.bundle.unit-test";
		};
/* End PBXNativeTarget section */

/* Begin PBXProject section */
		F0E0A95B29A83B22004760E7 /* Project object */ = {
			isa = PBXProject;
			attributes = {
				BuildIndependentTargetsInParallel = 1;
				LastSwiftUpdateCheck = 1420;
				LastUpgradeCheck = 1420;
				TargetAttributes = {
					F0E0A96229A83B22004760E7 = {
						CreatedOnToolsVersion = 14.2;
					};
					F0FBCB1B29AE96590046D27E = {
						CreatedOnToolsVersion = 14.2;
						TestTargetID = F0E0A96229A83B22004760E7;
					};
				};
			};
			buildConfigurationList = F0E0A95E29A83B22004760E7 /* Build configuration list for PBXProject "Ficek_QuantiApp" */;
			compatibilityVersion = "Xcode 14.0";
			developmentRegion = en;
			hasScannedForEncodings = 0;
			knownRegions = (
				en,
				Base,
			);
			mainGroup = F0E0A95A29A83B22004760E7;
			packageReferences = (
				F0E0A99429A96465004760E7 /* XCRemoteSwiftPackageReference "swift-composable-architecture" */,
				F0EB21B729DECBFA00AD42F9 /* XCRemoteSwiftPackageReference "swift-core" */,
			);
			productRefGroup = F0E0A96429A83B22004760E7 /* Products */;
			projectDirPath = "";
			projectRoot = "";
			targets = (
				F0E0A96229A83B22004760E7 /* Ficek_QuantiApp */,
				F0FBCB1B29AE96590046D27E /* Ficek_QuantiAppTests */,
			);
		};
/* End PBXProject section */

/* Begin PBXResourcesBuildPhase section */
		F0E0A96129A83B22004760E7 /* Resources */ = {
			isa = PBXResourcesBuildPhase;
			buildActionMask = 2147483647;
			files = (
				F0E0A96E29A83B24004760E7 /* Preview Assets.xcassets in Resources */,
				F0E0A96B29A83B24004760E7 /* Assets.xcassets in Resources */,
			);
			runOnlyForDeploymentPostprocessing = 0;
		};
		F0FBCB1A29AE96590046D27E /* Resources */ = {
			isa = PBXResourcesBuildPhase;
			buildActionMask = 2147483647;
			files = (
			);
			runOnlyForDeploymentPostprocessing = 0;
		};
/* End PBXResourcesBuildPhase section */

/* Begin PBXSourcesBuildPhase section */
		F0E0A95F29A83B22004760E7 /* Sources */ = {
			isa = PBXSourcesBuildPhase;
			buildActionMask = 2147483647;
			files = (
				F0E0A97529A83B33004760E7 /* MainView.swift in Sources */,
				F0E0A99829A9732B004760E7 /* RocketDetailDomain.swift in Sources */,
				F0E0A99E29AA6531004760E7 /* RocketListDomain.swift in Sources */,
				F0E0A97D29A83BDC004760E7 /* RocketDetailView.swift in Sources */,
				F0E0A96729A83B22004760E7 /* Ficek_QuantiAppApp.swift in Sources */,
				F0E0A97929A83B85004760E7 /* RocketListView.swift in Sources */,
				F0E0A98129A84239004760E7 /* RocketParametersView.swift in Sources */,
				F0E0A98629A843E5004760E7 /* RocketFirstStageView.swift in Sources */,
				F0E0A97B29A83BB3004760E7 /* RocketListPartView.swift in Sources */,
				F0E0A98829A843EC004760E7 /* RocketSecondStageView.swift in Sources */,
				F0E0A97F29A83BE3004760E7 /* RocketLaunchView.swift in Sources */,
				F0E0A98A29A843F3004760E7 /* RocketPhotosView.swift in Sources */,
				F0B5C79629AAE37100A875AE /* RocketLaunchDomain.swift in Sources */,
			);
			runOnlyForDeploymentPostprocessing = 0;
		};
		F0FBCB1829AE96590046D27E /* Sources */ = {
			isa = PBXSourcesBuildPhase;
			buildActionMask = 2147483647;
			files = (
				F0FBCB2829AE9D8B0046D27E /* RockeListDomainTests.swift in Sources */,
				F0FBCB2629AE966D0046D27E /* RockeRepositoryTests.swift in Sources */,
				F0FBCB2A29AEB90E0046D27E /* RocketLaunchDomainTests.swift in Sources */,
			);
			runOnlyForDeploymentPostprocessing = 0;
		};
/* End PBXSourcesBuildPhase section */

/* Begin PBXTargetDependency section */
		F0FBCB2129AE96590046D27E /* PBXTargetDependency */ = {
			isa = PBXTargetDependency;
			target = F0E0A96229A83B22004760E7 /* Ficek_QuantiApp */;
			targetProxy = F0FBCB2029AE96590046D27E /* PBXContainerItemProxy */;
		};
/* End PBXTargetDependency section */

/* Begin XCBuildConfiguration section */
		F0E0A96F29A83B24004760E7 /* Debug */ = {
			isa = XCBuildConfiguration;
			buildSettings = {
				ALWAYS_SEARCH_USER_PATHS = NO;
				CLANG_ANALYZER_NONNULL = YES;
				CLANG_ANALYZER_NUMBER_OBJECT_CONVERSION = YES_AGGRESSIVE;
				CLANG_CXX_LANGUAGE_STANDARD = "gnu++20";
				CLANG_ENABLE_MODULES = YES;
				CLANG_ENABLE_OBJC_ARC = YES;
				CLANG_ENABLE_OBJC_WEAK = YES;
				CLANG_WARN_BLOCK_CAPTURE_AUTORELEASING = YES;
				CLANG_WARN_BOOL_CONVERSION = YES;
				CLANG_WARN_COMMA = YES;
				CLANG_WARN_CONSTANT_CONVERSION = YES;
				CLANG_WARN_DEPRECATED_OBJC_IMPLEMENTATIONS = YES;
				CLANG_WARN_DIRECT_OBJC_ISA_USAGE = YES_ERROR;
				CLANG_WARN_DOCUMENTATION_COMMENTS = YES;
				CLANG_WARN_EMPTY_BODY = YES;
				CLANG_WARN_ENUM_CONVERSION = YES;
				CLANG_WARN_INFINITE_RECURSION = YES;
				CLANG_WARN_INT_CONVERSION = YES;
				CLANG_WARN_NON_LITERAL_NULL_CONVERSION = YES;
				CLANG_WARN_OBJC_IMPLICIT_RETAIN_SELF = YES;
				CLANG_WARN_OBJC_LITERAL_CONVERSION = YES;
				CLANG_WARN_OBJC_ROOT_CLASS = YES_ERROR;
				CLANG_WARN_QUOTED_INCLUDE_IN_FRAMEWORK_HEADER = YES;
				CLANG_WARN_RANGE_LOOP_ANALYSIS = YES;
				CLANG_WARN_STRICT_PROTOTYPES = YES;
				CLANG_WARN_SUSPICIOUS_MOVE = YES;
				CLANG_WARN_UNGUARDED_AVAILABILITY = YES_AGGRESSIVE;
				CLANG_WARN_UNREACHABLE_CODE = YES;
				CLANG_WARN__DUPLICATE_METHOD_MATCH = YES;
				COPY_PHASE_STRIP = NO;
				DEBUG_INFORMATION_FORMAT = dwarf;
				ENABLE_STRICT_OBJC_MSGSEND = YES;
				ENABLE_TESTABILITY = YES;
				GCC_C_LANGUAGE_STANDARD = gnu11;
				GCC_DYNAMIC_NO_PIC = NO;
				GCC_NO_COMMON_BLOCKS = YES;
				GCC_OPTIMIZATION_LEVEL = 0;
				GCC_PREPROCESSOR_DEFINITIONS = (
					"DEBUG=1",
					"$(inherited)",
				);
				GCC_WARN_64_TO_32_BIT_CONVERSION = YES;
				GCC_WARN_ABOUT_RETURN_TYPE = YES_ERROR;
				GCC_WARN_UNDECLARED_SELECTOR = YES;
				GCC_WARN_UNINITIALIZED_AUTOS = YES_AGGRESSIVE;
				GCC_WARN_UNUSED_FUNCTION = YES;
				GCC_WARN_UNUSED_VARIABLE = YES;
				IPHONEOS_DEPLOYMENT_TARGET = 16.2;
				MTL_ENABLE_DEBUG_INFO = INCLUDE_SOURCE;
				MTL_FAST_MATH = YES;
				ONLY_ACTIVE_ARCH = YES;
				SDKROOT = iphoneos;
				SWIFT_ACTIVE_COMPILATION_CONDITIONS = DEBUG;
				SWIFT_OPTIMIZATION_LEVEL = "-Onone";
			};
			name = Debug;
		};
		F0E0A97029A83B24004760E7 /* Release */ = {
			isa = XCBuildConfiguration;
			buildSettings = {
				ALWAYS_SEARCH_USER_PATHS = NO;
				CLANG_ANALYZER_NONNULL = YES;
				CLANG_ANALYZER_NUMBER_OBJECT_CONVERSION = YES_AGGRESSIVE;
				CLANG_CXX_LANGUAGE_STANDARD = "gnu++20";
				CLANG_ENABLE_MODULES = YES;
				CLANG_ENABLE_OBJC_ARC = YES;
				CLANG_ENABLE_OBJC_WEAK = YES;
				CLANG_WARN_BLOCK_CAPTURE_AUTORELEASING = YES;
				CLANG_WARN_BOOL_CONVERSION = YES;
				CLANG_WARN_COMMA = YES;
				CLANG_WARN_CONSTANT_CONVERSION = YES;
				CLANG_WARN_DEPRECATED_OBJC_IMPLEMENTATIONS = YES;
				CLANG_WARN_DIRECT_OBJC_ISA_USAGE = YES_ERROR;
				CLANG_WARN_DOCUMENTATION_COMMENTS = YES;
				CLANG_WARN_EMPTY_BODY = YES;
				CLANG_WARN_ENUM_CONVERSION = YES;
				CLANG_WARN_INFINITE_RECURSION = YES;
				CLANG_WARN_INT_CONVERSION = YES;
				CLANG_WARN_NON_LITERAL_NULL_CONVERSION = YES;
				CLANG_WARN_OBJC_IMPLICIT_RETAIN_SELF = YES;
				CLANG_WARN_OBJC_LITERAL_CONVERSION = YES;
				CLANG_WARN_OBJC_ROOT_CLASS = YES_ERROR;
				CLANG_WARN_QUOTED_INCLUDE_IN_FRAMEWORK_HEADER = YES;
				CLANG_WARN_RANGE_LOOP_ANALYSIS = YES;
				CLANG_WARN_STRICT_PROTOTYPES = YES;
				CLANG_WARN_SUSPICIOUS_MOVE = YES;
				CLANG_WARN_UNGUARDED_AVAILABILITY = YES_AGGRESSIVE;
				CLANG_WARN_UNREACHABLE_CODE = YES;
				CLANG_WARN__DUPLICATE_METHOD_MATCH = YES;
				COPY_PHASE_STRIP = NO;
				DEBUG_INFORMATION_FORMAT = "dwarf-with-dsym";
				ENABLE_NS_ASSERTIONS = NO;
				ENABLE_STRICT_OBJC_MSGSEND = YES;
				GCC_C_LANGUAGE_STANDARD = gnu11;
				GCC_NO_COMMON_BLOCKS = YES;
				GCC_WARN_64_TO_32_BIT_CONVERSION = YES;
				GCC_WARN_ABOUT_RETURN_TYPE = YES_ERROR;
				GCC_WARN_UNDECLARED_SELECTOR = YES;
				GCC_WARN_UNINITIALIZED_AUTOS = YES_AGGRESSIVE;
				GCC_WARN_UNUSED_FUNCTION = YES;
				GCC_WARN_UNUSED_VARIABLE = YES;
				IPHONEOS_DEPLOYMENT_TARGET = 16.2;
				MTL_ENABLE_DEBUG_INFO = NO;
				MTL_FAST_MATH = YES;
				SDKROOT = iphoneos;
				SWIFT_COMPILATION_MODE = wholemodule;
				SWIFT_OPTIMIZATION_LEVEL = "-O";
				VALIDATE_PRODUCT = YES;
			};
			name = Release;
		};
		F0E0A97229A83B24004760E7 /* Debug */ = {
			isa = XCBuildConfiguration;
			buildSettings = {
				ASSETCATALOG_COMPILER_APPICON_NAME = AppIcon;
				ASSETCATALOG_COMPILER_GLOBAL_ACCENT_COLOR_NAME = AccentColor;
				CODE_SIGN_STYLE = Automatic;
				CURRENT_PROJECT_VERSION = 1;
				DEVELOPMENT_ASSET_PATHS = "\"Ficek_QuantiApp/Preview Content\"";
				DEVELOPMENT_TEAM = 45KK6Y7684;
				ENABLE_PREVIEWS = YES;
				GENERATE_INFOPLIST_FILE = YES;
				INFOPLIST_KEY_UIApplicationSceneManifest_Generation = YES;
				INFOPLIST_KEY_UIApplicationSupportsIndirectInputEvents = YES;
				INFOPLIST_KEY_UILaunchScreen_Generation = YES;
				INFOPLIST_KEY_UISupportedInterfaceOrientations_iPad = "UIInterfaceOrientationPortrait UIInterfaceOrientationPortraitUpsideDown UIInterfaceOrientationLandscapeLeft UIInterfaceOrientationLandscapeRight";
				INFOPLIST_KEY_UISupportedInterfaceOrientations_iPhone = "UIInterfaceOrientationPortrait UIInterfaceOrientationLandscapeLeft UIInterfaceOrientationLandscapeRight";
				LD_RUNPATH_SEARCH_PATHS = (
					"$(inherited)",
					"@executable_path/Frameworks",
				);
				MARKETING_VERSION = 1.0;
				PRODUCT_BUNDLE_IDENTIFIER = "cz.Ficek.Ficek-QuantiApp";
				PRODUCT_NAME = "$(TARGET_NAME)";
				SWIFT_EMIT_LOC_STRINGS = YES;
				SWIFT_VERSION = 5.0;
				TARGETED_DEVICE_FAMILY = "1,2";
			};
			name = Debug;
		};
		F0E0A97329A83B24004760E7 /* Release */ = {
			isa = XCBuildConfiguration;
			buildSettings = {
				ASSETCATALOG_COMPILER_APPICON_NAME = AppIcon;
				ASSETCATALOG_COMPILER_GLOBAL_ACCENT_COLOR_NAME = AccentColor;
				CODE_SIGN_STYLE = Automatic;
				CURRENT_PROJECT_VERSION = 1;
				DEVELOPMENT_ASSET_PATHS = "\"Ficek_QuantiApp/Preview Content\"";
				DEVELOPMENT_TEAM = 45KK6Y7684;
				ENABLE_PREVIEWS = YES;
				GENERATE_INFOPLIST_FILE = YES;
				INFOPLIST_KEY_UIApplicationSceneManifest_Generation = YES;
				INFOPLIST_KEY_UIApplicationSupportsIndirectInputEvents = YES;
				INFOPLIST_KEY_UILaunchScreen_Generation = YES;
				INFOPLIST_KEY_UISupportedInterfaceOrientations_iPad = "UIInterfaceOrientationPortrait UIInterfaceOrientationPortraitUpsideDown UIInterfaceOrientationLandscapeLeft UIInterfaceOrientationLandscapeRight";
				INFOPLIST_KEY_UISupportedInterfaceOrientations_iPhone = "UIInterfaceOrientationPortrait UIInterfaceOrientationLandscapeLeft UIInterfaceOrientationLandscapeRight";
				LD_RUNPATH_SEARCH_PATHS = (
					"$(inherited)",
					"@executable_path/Frameworks",
				);
				MARKETING_VERSION = 1.0;
				PRODUCT_BUNDLE_IDENTIFIER = "cz.Ficek.Ficek-QuantiApp";
				PRODUCT_NAME = "$(TARGET_NAME)";
				SWIFT_EMIT_LOC_STRINGS = YES;
				SWIFT_VERSION = 5.0;
				TARGETED_DEVICE_FAMILY = "1,2";
			};
			name = Release;
		};
		F0FBCB2329AE96590046D27E /* Debug */ = {
			isa = XCBuildConfiguration;
			buildSettings = {
				BUNDLE_LOADER = "$(TEST_HOST)";
				CODE_SIGN_STYLE = Automatic;
				CURRENT_PROJECT_VERSION = 1;
				DEVELOPMENT_TEAM = 45KK6Y7684;
				GENERATE_INFOPLIST_FILE = YES;
				MARKETING_VERSION = 1.0;
				PRODUCT_BUNDLE_IDENTIFIER = "cz.Ficek.Ficek-QuantiAppTests";
				PRODUCT_NAME = "$(TARGET_NAME)";
				SWIFT_EMIT_LOC_STRINGS = NO;
				SWIFT_VERSION = 5.0;
				TARGETED_DEVICE_FAMILY = "1,2";
				TEST_HOST = "$(BUILT_PRODUCTS_DIR)/Ficek_QuantiApp.app/$(BUNDLE_EXECUTABLE_FOLDER_PATH)/Ficek_QuantiApp";
			};
			name = Debug;
		};
		F0FBCB2429AE96590046D27E /* Release */ = {
			isa = XCBuildConfiguration;
			buildSettings = {
				BUNDLE_LOADER = "$(TEST_HOST)";
				CODE_SIGN_STYLE = Automatic;
				CURRENT_PROJECT_VERSION = 1;
				DEVELOPMENT_TEAM = 45KK6Y7684;
				GENERATE_INFOPLIST_FILE = YES;
				MARKETING_VERSION = 1.0;
				PRODUCT_BUNDLE_IDENTIFIER = "cz.Ficek.Ficek-QuantiAppTests";
				PRODUCT_NAME = "$(TARGET_NAME)";
				SWIFT_EMIT_LOC_STRINGS = NO;
				SWIFT_VERSION = 5.0;
				TARGETED_DEVICE_FAMILY = "1,2";
				TEST_HOST = "$(BUILT_PRODUCTS_DIR)/Ficek_QuantiApp.app/$(BUNDLE_EXECUTABLE_FOLDER_PATH)/Ficek_QuantiApp";
			};
			name = Release;
		};
/* End XCBuildConfiguration section */

/* Begin XCConfigurationList section */
		F0E0A95E29A83B22004760E7 /* Build configuration list for PBXProject "Ficek_QuantiApp" */ = {
			isa = XCConfigurationList;
			buildConfigurations = (
				F0E0A96F29A83B24004760E7 /* Debug */,
				F0E0A97029A83B24004760E7 /* Release */,
			);
			defaultConfigurationIsVisible = 0;
			defaultConfigurationName = Release;
		};
		F0E0A97129A83B24004760E7 /* Build configuration list for PBXNativeTarget "Ficek_QuantiApp" */ = {
			isa = XCConfigurationList;
			buildConfigurations = (
				F0E0A97229A83B24004760E7 /* Debug */,
				F0E0A97329A83B24004760E7 /* Release */,
			);
			defaultConfigurationIsVisible = 0;
			defaultConfigurationName = Release;
		};
		F0FBCB2229AE96590046D27E /* Build configuration list for PBXNativeTarget "Ficek_QuantiAppTests" */ = {
			isa = XCConfigurationList;
			buildConfigurations = (
				F0FBCB2329AE96590046D27E /* Debug */,
				F0FBCB2429AE96590046D27E /* Release */,
			);
			defaultConfigurationIsVisible = 0;
			defaultConfigurationName = Release;
		};
/* End XCConfigurationList section */

/* Begin XCRemoteSwiftPackageReference section */
		F0E0A99429A96465004760E7 /* XCRemoteSwiftPackageReference "swift-composable-architecture" */ = {
			isa = XCRemoteSwiftPackageReference;
			repositoryURL = "https://github.com/pointfreeco/swift-composable-architecture.git";
			requirement = {
				kind = upToNextMajorVersion;
				minimumVersion = 0.9.0;
			};
		};
		F0EB21B729DECBFA00AD42F9 /* XCRemoteSwiftPackageReference "swift-core" */ = {
			isa = XCRemoteSwiftPackageReference;
			repositoryURL = "https://github.com/Qase/swift-core.git";
			requirement = {
				branch = develop;
				kind = branch;
			};
		};
/* End XCRemoteSwiftPackageReference section */

/* Begin XCSwiftPackageProductDependency section */
		F010604D29E22FEB00F620BC /* RocketRepository */ = {
			isa = XCSwiftPackageProductDependency;
			productName = RocketRepository;
		};
		F0D977F629E230F900D29FF6 /* CoreMotionClient */ = {
			isa = XCSwiftPackageProductDependency;
			productName = CoreMotionClient;
		};
		F0E0A99529A96465004760E7 /* ComposableArchitecture */ = {
			isa = XCSwiftPackageProductDependency;
			package = F0E0A99429A96465004760E7 /* XCRemoteSwiftPackageReference "swift-composable-architecture" */;
			productName = ComposableArchitecture;
		};
		F0E6071429E1A58700AA7E43 /* Rocket */ = {
			isa = XCSwiftPackageProductDependency;
			productName = Rocket;
		};
		F0EB21B829DECBFA00AD42F9 /* CombineExtensions */ = {
			isa = XCSwiftPackageProductDependency;
			package = F0EB21B729DECBFA00AD42F9 /* XCRemoteSwiftPackageReference "swift-core" */;
			productName = CombineExtensions;
		};
		F0EB21BA29DECBFA00AD42F9 /* CoreDatabase */ = {
			isa = XCSwiftPackageProductDependency;
			package = F0EB21B729DECBFA00AD42F9 /* XCRemoteSwiftPackageReference "swift-core" */;
			productName = CoreDatabase;
		};
		F0EB21BC29DECBFA00AD42F9 /* ErrorReporting */ = {
			isa = XCSwiftPackageProductDependency;
			package = F0EB21B729DECBFA00AD42F9 /* XCRemoteSwiftPackageReference "swift-core" */;
			productName = ErrorReporting;
		};
		F0EB21BE29DECBFA00AD42F9 /* KeyValueStorage */ = {
			isa = XCSwiftPackageProductDependency;
			package = F0EB21B729DECBFA00AD42F9 /* XCRemoteSwiftPackageReference "swift-core" */;
			productName = KeyValueStorage;
		};
		F0EB21C029DECBFA00AD42F9 /* ModelConvertible */ = {
			isa = XCSwiftPackageProductDependency;
			package = F0EB21B729DECBFA00AD42F9 /* XCRemoteSwiftPackageReference "swift-core" */;
			productName = ModelConvertible;
		};
		F0EB21C229DECBFA00AD42F9 /* NetworkMonitoring */ = {
			isa = XCSwiftPackageProductDependency;
			package = F0EB21B729DECBFA00AD42F9 /* XCRemoteSwiftPackageReference "swift-core" */;
			productName = NetworkMonitoring;
		};
		F0EB21C429DECBFA00AD42F9 /* Networking */ = {
			isa = XCSwiftPackageProductDependency;
			package = F0EB21B729DECBFA00AD42F9 /* XCRemoteSwiftPackageReference "swift-core" */;
			productName = Networking;
		};
		F0EB21C629DECBFA00AD42F9 /* RequestBuilder */ = {
			isa = XCSwiftPackageProductDependency;
			package = F0EB21B729DECBFA00AD42F9 /* XCRemoteSwiftPackageReference "swift-core" */;
			productName = RequestBuilder;
		};
		F0EB21C829DECBFA00AD42F9 /* Utils */ = {
			isa = XCSwiftPackageProductDependency;
			package = F0EB21B729DECBFA00AD42F9 /* XCRemoteSwiftPackageReference "swift-core" */;
			productName = Utils;
		};
/* End XCSwiftPackageProductDependency section */
	};
	rootObject = F0E0A95B29A83B22004760E7 /* Project object */;
}
